
Microsoft Visual Studio Solution File, Format Version 12.00
#
VisualStudioVersion = 17.5.002.0
MinimumVisualStudioVersion = 
Project("{FAE04EC0-301F-11D3-BF4B-00C04F79EFBC}") = "Foundation", "Foundation\Foundation.csproj", "{797F57C1-AB6B-4D77-ABD0-D71D0883081B}"
EndProject
Project("{FAE04EC0-301F-11D3-BF4B-00C04F79EFBC}") = "Bootstrapping", "Bootstrapping\Bootstrapping.csproj", "{15480C47-4873-4AE6-B307-E8C192F1BDB0}"
EndProject
Project("{FAE04EC0-301F-11D3-BF4B-00C04F79EFBC}") = "Ensuring", "Ensuring\Ensuring.csproj", "{187D67C1-7C4D-44E9-ACD8-147DDB71EE16}"
EndProject
Project("{FAE04EC0-301F-11D3-BF4B-00C04F79EFBC}") = "Tests.Foundation", "Tests.Foundation\Tests.Foundation.csproj", "{04FBC930-AC83-447C-8133-B371EB63EE73}"
EndProject
Project("{2150E333-8FDC-42A3-9474-1A3956D46DE8}") = "ContractsImplementations", "ContractsImplementations", "{C33ED8EA-76EF-4985-9055-12D9B668E210}"
EndProject
Project("{FAE04EC0-301F-11D3-BF4B-00C04F79EFBC}") = "ContractImplementations.MailKit", "ContractImplementations.MailKit\ContractImplementations.MailKit.csproj", "{3FD64445-84EB-4C23-84E2-72FFBACE1337}"
EndProject
Project("{FAE04EC0-301F-11D3-BF4B-00C04F79EFBC}") = "Tests.MailKit", "Tests.MailKit\Tests.MailKit.csproj", "{5DA49E07-DCB9-4991-81BC-1AA907FDC8D2}"
EndProject
Project("{FAE04EC0-301F-11D3-BF4B-00C04F79EFBC}") = "ContractImplementations.CommandExecutor", "ContractImplementations.CommandExecutor\ContractImplementations.CommandExecutor.csproj", "{9BA0877A-B8E7-4333-AAAA-49D44CE1DB72}"
EndProject
Project("{2150E333-8FDC-42A3-9474-1A3956D46DE8}") = "Tests", "Tests", "{756C3C1A-72CD-4CCE-BD8D-977F2980D1B6}"
EndProject
Project("{FAE04EC0-301F-11D3-BF4B-00C04F79EFBC}") = "Tests.CommandExecutor", "Tests.CommandExecutor\Tests.CommandExecutor.csproj", "{3BFA6B8B-877D-46E5-821D-CA9F17925947}"
EndProject
Project("{FAE04EC0-301F-11D3-BF4B-00C04F79EFBC}") = "ContractImplementations.Aes256GcmModeEncrypter", "ContractImplementations.Aes256GcmModeEncrypter\ContractImplementations.Aes256GcmModeEncrypter.csproj", "{EF628F9B-B04A-4BC8-9F9B-DD202A87FE14}"
EndProject
Project("{FAE04EC0-301F-11D3-BF4B-00C04F79EFBC}") = "Tests.Aes256GcmModeEncrypter", "Tests.Aes256GcmModeEncrypter\Tests.Aes256GcmModeEncrypter.csproj", "{D6A6C249-8EEB-489C-BBE1-9B4AFE6D7A28}"
EndProject
Project("{FAE04EC0-301F-11D3-BF4B-00C04F79EFBC}") = "Tests.Ensuring", "Tests.Ensuring\Tests.Ensuring.csproj", "{A5BBB500-C21E-4DC2-AC18-85B701E3237B}"
EndProject
Project("{2150E333-8FDC-42A3-9474-1A3956D46DE8}") = "SourceGenerators", "SourceGenerators", "{F231FFD4-12A2-49F4-9B02-85AEC3AEFFA9}"
EndProject
Project("{FAE04EC0-301F-11D3-BF4B-00C04F79EFBC}") = "SourceGenerators.Ensuring", "SourceGenerators.Ensuring\SourceGenerators.Ensuring.csproj", "{AF6B7E9A-77D1-4C2E-8A66-BA2A5A291F52}"
EndProject
Project("{FAE04EC0-301F-11D3-BF4B-00C04F79EFBC}") = "SourceGenerators.Facades", "SourceGenerators.Facades\SourceGenerators.Facades.csproj", "{4A4762B8-28B2-49F3-9EB8-E46C053C2435}"
EndProject
Project("{FAE04EC0-301F-11D3-BF4B-00C04F79EFBC}") = "Tests.LocalFileSystem", "Tests.LocalFileSystem\Tests.LocalFileSystem.csproj", "{D328F50C-422D-45D3-8910-75CD259BC888}"
EndProject
Project("{FAE04EC0-301F-11D3-BF4B-00C04F79EFBC}") = "ContractImplementations.LocalFileSystem", "ContractImplementations.LocalFileSystem\ContractImplementations.LocalFileSystem.csproj", "{2B8CE2A8-7FFA-4D7D-908A-A29409D2EF19}"
EndProject
Project("{FAE04EC0-301F-11D3-BF4B-00C04F79EFBC}") = "ContractImplementations.GoogleCloudStorage", "ContractImplementations.GoogleCloudStorage\ContractImplementations.GoogleCloudStorage.csproj", "{B4B1C3B4-0114-400A-90FF-3CCB71179053}"
EndProject
Project("{FAE04EC0-301F-11D3-BF4B-00C04F79EFBC}") = "Tests.GoogleCloudStorage", "Tests.GoogleCloudStorage\Tests.GoogleCloudStorage.csproj", "{BD48218D-70C3-456F-A96E-C9862FC95311}"
EndProject
Project("{FAE04EC0-301F-11D3-BF4B-00C04F79EFBC}") = "ContractImplementations.FileSystem", "ContractImplementations.FileSystem\ContractImplementations.FileSystem.csproj", "{4EC029DA-77F0-4D4D-893B-F4E1BD7B440D}"
EndProject
Project("{FAE04EC0-301F-11D3-BF4B-00C04F79EFBC}") = "ContractImplementations.Bcrypt", "ContractImplementations.Bcrypt\ContractImplementations.Bcrypt.csproj", "{4DFA2F5C-12DA-41F8-853F-3B6CF322C854}"
EndProject
Project("{FAE04EC0-301F-11D3-BF4B-00C04F79EFBC}") = "Tests.MicrosoftLogging", "Tests.MicrosoftLogging\Tests.MicrosoftLogging.csproj", "{7232A6A4-E747-4D5B-A247-DD22D85CAF00}"
EndProject
Project("{FAE04EC0-301F-11D3-BF4B-00C04F79EFBC}") = "ContractImplementations.MicrosoftLogging", "ContractImplementations.MicrosoftLogging\ContractImplementations.MicrosoftLogging.csproj", "{6B455034-D9C7-4A74-BF3A-CCD4B054425A}"
EndProject
Project("{FAE04EC0-301F-11D3-BF4B-00C04F79EFBC}") = "ContractImplementations.LoggerEmail", "ContractImplementations.LoggerEmail\ContractImplementations.LoggerEmail.csproj", "{A5A2C6D2-7069-4EF7-9391-0FA04924031A}"
EndProject
Project("{FAE04EC0-301F-11D3-BF4B-00C04F79EFBC}") = "ContractImplementations.MicrosoftConfiguration", "ContractImplementations.MicrosoftConfiguration\ContractImplementations.MicrosoftConfiguration.csproj", "{AB7AE28D-9F0D-4528-B8FD-FCC4263F2227}"
EndProject
Project("{FAE04EC0-301F-11D3-BF4B-00C04F79EFBC}") = "Tests.MicrosoftConfiguration", "Tests.MicrosoftConfiguration\Tests.MicrosoftConfiguration.csproj", "{F034D634-3141-4E98-97F1-BB9DF22C4917}"
EndProject
Project("{FAE04EC0-301F-11D3-BF4B-00C04F79EFBC}") = "DefaultBootstrapping", "DefaultBootstrapping\DefaultBootstrapping.csproj", "{20106B8C-E158-4284-884D-2D1A7822D0B2}"
EndProject
Project("{2150E333-8FDC-42A3-9474-1A3956D46DE8}") = "AspNetCoreIntegrations", "AspNetCoreIntegrations", "{038D9778-AA71-45A0-A33B-AFD50623285C}"
EndProject
Project("{FAE04EC0-301F-11D3-BF4B-00C04F79EFBC}") = "ContractImplementations.Hangfire", "ContractImplementations.Hangfire\ContractImplementations.Hangfire.csproj", "{67CC3E42-1F98-439F-A83F-7F9B5B54CF86}"
EndProject
Project("{FAE04EC0-301F-11D3-BF4B-00C04F79EFBC}") = "Tests.Hangfire", "Tests.Hangfire\Tests.Hangfire.csproj", "{4CFA733F-0697-47FF-831D-908530C40929}"
EndProject
Project("{FAE04EC0-301F-11D3-BF4B-00C04F79EFBC}") = "ContractImplementations.TaskRunJobs", "ContractImplementations.TaskRunJobs\ContractImplementations.TaskRunJobs.csproj", "{9F7DB6F3-1AD9-4B31-9D02-1AD49224A4A6}"
EndProject
Project("{FAE04EC0-301F-11D3-BF4B-00C04F79EFBC}") = "Tests.TaskRunJobs", "Tests.TaskRunJobs\Tests.TaskRunJobs.csproj", "{1F0291CD-0C3D-414F-B7D4-8062A8D62F41}"
EndProject
Project("{FAE04EC0-301F-11D3-BF4B-00C04F79EFBC}") = "Tests.Helpers", "Tests.Helpers\Tests.Helpers.csproj", "{8E3B899D-50FA-4166-BD78-582E8E2BB16B}"
EndProject
Global
	GlobalSection(SolutionConfigurationPlatforms) = preSolution
		Debug|Any CPU = Debug|Any CPU
		Release|Any CPU = Release|Any CPU
	EndGlobalSection
	GlobalSection(ProjectConfigurationPlatforms) = postSolution
		{797F57C1-AB6B-4D77-ABD0-D71D0883081B}.Debug|Any CPU.ActiveCfg = Debug|Any CPU
		{797F57C1-AB6B-4D77-ABD0-D71D0883081B}.Debug|Any CPU.Build.0 = Debug|Any CPU
		{797F57C1-AB6B-4D77-ABD0-D71D0883081B}.Release|Any CPU.ActiveCfg = Release|Any CPU
		{797F57C1-AB6B-4D77-ABD0-D71D0883081B}.Release|Any CPU.Build.0 = Release|Any CPU
		{15480C47-4873-4AE6-B307-E8C192F1BDB0}.Debug|Any CPU.ActiveCfg = Debug|Any CPU
		{15480C47-4873-4AE6-B307-E8C192F1BDB0}.Debug|Any CPU.Build.0 = Debug|Any CPU
		{15480C47-4873-4AE6-B307-E8C192F1BDB0}.Release|Any CPU.ActiveCfg = Release|Any CPU
		{15480C47-4873-4AE6-B307-E8C192F1BDB0}.Release|Any CPU.Build.0 = Release|Any CPU
		{187D67C1-7C4D-44E9-ACD8-147DDB71EE16}.Debug|Any CPU.ActiveCfg = Debug|Any CPU
		{187D67C1-7C4D-44E9-ACD8-147DDB71EE16}.Debug|Any CPU.Build.0 = Debug|Any CPU
		{187D67C1-7C4D-44E9-ACD8-147DDB71EE16}.Release|Any CPU.ActiveCfg = Release|Any CPU
		{187D67C1-7C4D-44E9-ACD8-147DDB71EE16}.Release|Any CPU.Build.0 = Release|Any CPU
		{04FBC930-AC83-447C-8133-B371EB63EE73}.Debug|Any CPU.ActiveCfg = Debug|Any CPU
		{04FBC930-AC83-447C-8133-B371EB63EE73}.Debug|Any CPU.Build.0 = Debug|Any CPU
		{04FBC930-AC83-447C-8133-B371EB63EE73}.Release|Any CPU.ActiveCfg = Release|Any CPU
		{04FBC930-AC83-447C-8133-B371EB63EE73}.Release|Any CPU.Build.0 = Release|Any CPU
		{3FD64445-84EB-4C23-84E2-72FFBACE1337}.Debug|Any CPU.ActiveCfg = Debug|Any CPU
		{3FD64445-84EB-4C23-84E2-72FFBACE1337}.Debug|Any CPU.Build.0 = Debug|Any CPU
		{3FD64445-84EB-4C23-84E2-72FFBACE1337}.Release|Any CPU.ActiveCfg = Release|Any CPU
		{3FD64445-84EB-4C23-84E2-72FFBACE1337}.Release|Any CPU.Build.0 = Release|Any CPU
		{5DA49E07-DCB9-4991-81BC-1AA907FDC8D2}.Debug|Any CPU.ActiveCfg = Debug|Any CPU
		{5DA49E07-DCB9-4991-81BC-1AA907FDC8D2}.Debug|Any CPU.Build.0 = Debug|Any CPU
		{5DA49E07-DCB9-4991-81BC-1AA907FDC8D2}.Release|Any CPU.ActiveCfg = Release|Any CPU
		{5DA49E07-DCB9-4991-81BC-1AA907FDC8D2}.Release|Any CPU.Build.0 = Release|Any CPU
		{9BA0877A-B8E7-4333-AAAA-49D44CE1DB72}.Debug|Any CPU.ActiveCfg = Debug|Any CPU
		{9BA0877A-B8E7-4333-AAAA-49D44CE1DB72}.Debug|Any CPU.Build.0 = Debug|Any CPU
		{9BA0877A-B8E7-4333-AAAA-49D44CE1DB72}.Release|Any CPU.ActiveCfg = Release|Any CPU
		{9BA0877A-B8E7-4333-AAAA-49D44CE1DB72}.Release|Any CPU.Build.0 = Release|Any CPU
		{3BFA6B8B-877D-46E5-821D-CA9F17925947}.Debug|Any CPU.ActiveCfg = Debug|Any CPU
		{3BFA6B8B-877D-46E5-821D-CA9F17925947}.Debug|Any CPU.Build.0 = Debug|Any CPU
		{3BFA6B8B-877D-46E5-821D-CA9F17925947}.Release|Any CPU.ActiveCfg = Release|Any CPU
		{3BFA6B8B-877D-46E5-821D-CA9F17925947}.Release|Any CPU.Build.0 = Release|Any CPU
		{EF628F9B-B04A-4BC8-9F9B-DD202A87FE14}.Debug|Any CPU.ActiveCfg = Debug|Any CPU
		{EF628F9B-B04A-4BC8-9F9B-DD202A87FE14}.Debug|Any CPU.Build.0 = Debug|Any CPU
		{EF628F9B-B04A-4BC8-9F9B-DD202A87FE14}.Release|Any CPU.ActiveCfg = Release|Any CPU
		{EF628F9B-B04A-4BC8-9F9B-DD202A87FE14}.Release|Any CPU.Build.0 = Release|Any CPU
		{D6A6C249-8EEB-489C-BBE1-9B4AFE6D7A28}.Debug|Any CPU.ActiveCfg = Debug|Any CPU
		{D6A6C249-8EEB-489C-BBE1-9B4AFE6D7A28}.Debug|Any CPU.Build.0 = Debug|Any CPU
		{D6A6C249-8EEB-489C-BBE1-9B4AFE6D7A28}.Release|Any CPU.ActiveCfg = Release|Any CPU
		{D6A6C249-8EEB-489C-BBE1-9B4AFE6D7A28}.Release|Any CPU.Build.0 = Release|Any CPU
		{A5BBB500-C21E-4DC2-AC18-85B701E3237B}.Debug|Any CPU.ActiveCfg = Debug|Any CPU
		{A5BBB500-C21E-4DC2-AC18-85B701E3237B}.Debug|Any CPU.Build.0 = Debug|Any CPU
		{A5BBB500-C21E-4DC2-AC18-85B701E3237B}.Release|Any CPU.ActiveCfg = Release|Any CPU
		{A5BBB500-C21E-4DC2-AC18-85B701E3237B}.Release|Any CPU.Build.0 = Release|Any CPU
		{AF6B7E9A-77D1-4C2E-8A66-BA2A5A291F52}.Debug|Any CPU.ActiveCfg = Debug|Any CPU
		{AF6B7E9A-77D1-4C2E-8A66-BA2A5A291F52}.Debug|Any CPU.Build.0 = Debug|Any CPU
		{AF6B7E9A-77D1-4C2E-8A66-BA2A5A291F52}.Release|Any CPU.ActiveCfg = Release|Any CPU
		{AF6B7E9A-77D1-4C2E-8A66-BA2A5A291F52}.Release|Any CPU.Build.0 = Release|Any CPU
		{4A4762B8-28B2-49F3-9EB8-E46C053C2435}.Debug|Any CPU.ActiveCfg = Debug|Any CPU
		{4A4762B8-28B2-49F3-9EB8-E46C053C2435}.Debug|Any CPU.Build.0 = Debug|Any CPU
		{4A4762B8-28B2-49F3-9EB8-E46C053C2435}.Release|Any CPU.ActiveCfg = Release|Any CPU
		{4A4762B8-28B2-49F3-9EB8-E46C053C2435}.Release|Any CPU.Build.0 = Release|Any CPU
		{D328F50C-422D-45D3-8910-75CD259BC888}.Debug|Any CPU.ActiveCfg = Debug|Any CPU
		{D328F50C-422D-45D3-8910-75CD259BC888}.Debug|Any CPU.Build.0 = Debug|Any CPU
		{D328F50C-422D-45D3-8910-75CD259BC888}.Release|Any CPU.ActiveCfg = Release|Any CPU
		{D328F50C-422D-45D3-8910-75CD259BC888}.Release|Any CPU.Build.0 = Release|Any CPU
		{2B8CE2A8-7FFA-4D7D-908A-A29409D2EF19}.Debug|Any CPU.ActiveCfg = Debug|Any CPU
		{2B8CE2A8-7FFA-4D7D-908A-A29409D2EF19}.Debug|Any CPU.Build.0 = Debug|Any CPU
		{2B8CE2A8-7FFA-4D7D-908A-A29409D2EF19}.Release|Any CPU.ActiveCfg = Release|Any CPU
		{2B8CE2A8-7FFA-4D7D-908A-A29409D2EF19}.Release|Any CPU.Build.0 = Release|Any CPU
		{B4B1C3B4-0114-400A-90FF-3CCB71179053}.Debug|Any CPU.ActiveCfg = Debug|Any CPU
		{B4B1C3B4-0114-400A-90FF-3CCB71179053}.Debug|Any CPU.Build.0 = Debug|Any CPU
		{B4B1C3B4-0114-400A-90FF-3CCB71179053}.Release|Any CPU.ActiveCfg = Release|Any CPU
		{B4B1C3B4-0114-400A-90FF-3CCB71179053}.Release|Any CPU.Build.0 = Release|Any CPU
		{BD48218D-70C3-456F-A96E-C9862FC95311}.Debug|Any CPU.ActiveCfg = Debug|Any CPU
		{BD48218D-70C3-456F-A96E-C9862FC95311}.Debug|Any CPU.Build.0 = Debug|Any CPU
		{BD48218D-70C3-456F-A96E-C9862FC95311}.Release|Any CPU.ActiveCfg = Release|Any CPU
		{BD48218D-70C3-456F-A96E-C9862FC95311}.Release|Any CPU.Build.0 = Release|Any CPU
		{4EC029DA-77F0-4D4D-893B-F4E1BD7B440D}.Debug|Any CPU.ActiveCfg = Debug|Any CPU
		{4EC029DA-77F0-4D4D-893B-F4E1BD7B440D}.Debug|Any CPU.Build.0 = Debug|Any CPU
		{4EC029DA-77F0-4D4D-893B-F4E1BD7B440D}.Release|Any CPU.ActiveCfg = Release|Any CPU
		{4EC029DA-77F0-4D4D-893B-F4E1BD7B440D}.Release|Any CPU.Build.0 = Release|Any CPU
		{4DFA2F5C-12DA-41F8-853F-3B6CF322C854}.Debug|Any CPU.ActiveCfg = Debug|Any CPU
		{4DFA2F5C-12DA-41F8-853F-3B6CF322C854}.Debug|Any CPU.Build.0 = Debug|Any CPU
		{4DFA2F5C-12DA-41F8-853F-3B6CF322C854}.Release|Any CPU.ActiveCfg = Release|Any CPU
		{4DFA2F5C-12DA-41F8-853F-3B6CF322C854}.Release|Any CPU.Build.0 = Release|Any CPU
		{67CC3E42-1F98-439F-A83F-7F9B5B54CF86}.Debug|Any CPU.ActiveCfg = Debug|Any CPU
		{67CC3E42-1F98-439F-A83F-7F9B5B54CF86}.Debug|Any CPU.Build.0 = Debug|Any CPU
		{67CC3E42-1F98-439F-A83F-7F9B5B54CF86}.Release|Any CPU.ActiveCfg = Release|Any CPU
		{67CC3E42-1F98-439F-A83F-7F9B5B54CF86}.Release|Any CPU.Build.0 = Release|Any CPU
		{4CFA733F-0697-47FF-831D-908530C40929}.Debug|Any CPU.ActiveCfg = Debug|Any CPU
		{4CFA733F-0697-47FF-831D-908530C40929}.Debug|Any CPU.Build.0 = Debug|Any CPU
		{4CFA733F-0697-47FF-831D-908530C40929}.Release|Any CPU.ActiveCfg = Release|Any CPU
		{4CFA733F-0697-47FF-831D-908530C40929}.Release|Any CPU.Build.0 = Release|Any CPU
		{9F7DB6F3-1AD9-4B31-9D02-1AD49224A4A6}.Debug|Any CPU.ActiveCfg = Debug|Any CPU
		{9F7DB6F3-1AD9-4B31-9D02-1AD49224A4A6}.Debug|Any CPU.Build.0 = Debug|Any CPU
		{9F7DB6F3-1AD9-4B31-9D02-1AD49224A4A6}.Release|Any CPU.ActiveCfg = Release|Any CPU
		{9F7DB6F3-1AD9-4B31-9D02-1AD49224A4A6}.Release|Any CPU.Build.0 = Release|Any CPU
		{1F0291CD-0C3D-414F-B7D4-8062A8D62F41}.Debug|Any CPU.ActiveCfg = Debug|Any CPU
		{1F0291CD-0C3D-414F-B7D4-8062A8D62F41}.Debug|Any CPU.Build.0 = Debug|Any CPU
		{1F0291CD-0C3D-414F-B7D4-8062A8D62F41}.Release|Any CPU.ActiveCfg = Release|Any CPU
		{1F0291CD-0C3D-414F-B7D4-8062A8D62F41}.Release|Any CPU.Build.0 = Release|Any CPU
		{7232A6A4-E747-4D5B-A247-DD22D85CAF00}.Debug|Any CPU.ActiveCfg = Debug|Any CPU
		{7232A6A4-E747-4D5B-A247-DD22D85CAF00}.Debug|Any CPU.Build.0 = Debug|Any CPU
		{7232A6A4-E747-4D5B-A247-DD22D85CAF00}.Release|Any CPU.ActiveCfg = Release|Any CPU
		{7232A6A4-E747-4D5B-A247-DD22D85CAF00}.Release|Any CPU.Build.0 = Release|Any CPU
		{6B455034-D9C7-4A74-BF3A-CCD4B054425A}.Debug|Any CPU.ActiveCfg = Debug|Any CPU
		{6B455034-D9C7-4A74-BF3A-CCD4B054425A}.Debug|Any CPU.Build.0 = Debug|Any CPU
		{6B455034-D9C7-4A74-BF3A-CCD4B054425A}.Release|Any CPU.ActiveCfg = Release|Any CPU
		{6B455034-D9C7-4A74-BF3A-CCD4B054425A}.Release|Any CPU.Build.0 = Release|Any CPU
		{A5A2C6D2-7069-4EF7-9391-0FA04924031A}.Debug|Any CPU.ActiveCfg = Debug|Any CPU
		{A5A2C6D2-7069-4EF7-9391-0FA04924031A}.Debug|Any CPU.Build.0 = Debug|Any CPU
		{A5A2C6D2-7069-4EF7-9391-0FA04924031A}.Release|Any CPU.ActiveCfg = Release|Any CPU
		{A5A2C6D2-7069-4EF7-9391-0FA04924031A}.Release|Any CPU.Build.0 = Release|Any CPU
		{AB7AE28D-9F0D-4528-B8FD-FCC4263F2227}.Debug|Any CPU.ActiveCfg = Debug|Any CPU
		{AB7AE28D-9F0D-4528-B8FD-FCC4263F2227}.Debug|Any CPU.Build.0 = Debug|Any CPU
		{AB7AE28D-9F0D-4528-B8FD-FCC4263F2227}.Release|Any CPU.ActiveCfg = Release|Any CPU
		{AB7AE28D-9F0D-4528-B8FD-FCC4263F2227}.Release|Any CPU.Build.0 = Release|Any CPU
		{F034D634-3141-4E98-97F1-BB9DF22C4917}.Debug|Any CPU.ActiveCfg = Debug|Any CPU
		{F034D634-3141-4E98-97F1-BB9DF22C4917}.Debug|Any CPU.Build.0 = Debug|Any CPU
		{F034D634-3141-4E98-97F1-BB9DF22C4917}.Release|Any CPU.ActiveCfg = Release|Any CPU
		{F034D634-3141-4E98-97F1-BB9DF22C4917}.Release|Any CPU.Build.0 = Release|Any CPU
		{20106B8C-E158-4284-884D-2D1A7822D0B2}.Debug|Any CPU.ActiveCfg = Debug|Any CPU
		{20106B8C-E158-4284-884D-2D1A7822D0B2}.Debug|Any CPU.Build.0 = Debug|Any CPU
		{20106B8C-E158-4284-884D-2D1A7822D0B2}.Release|Any CPU.ActiveCfg = Release|Any CPU
		{20106B8C-E158-4284-884D-2D1A7822D0B2}.Release|Any CPU.Build.0 = Release|Any CPU
		{8E3B899D-50FA-4166-BD78-582E8E2BB16B}.Debug|Any CPU.ActiveCfg = Debug|Any CPU
		{8E3B899D-50FA-4166-BD78-582E8E2BB16B}.Debug|Any CPU.Build.0 = Debug|Any CPU
		{8E3B899D-50FA-4166-BD78-582E8E2BB16B}.Release|Any CPU.ActiveCfg = Release|Any CPU
		{8E3B899D-50FA-4166-BD78-582E8E2BB16B}.Release|Any CPU.Build.0 = Release|Any CPU
	EndGlobalSection
	GlobalSection(SolutionProperties) = preSolution
		HideSolutionNode = FALSE
	EndGlobalSection
	GlobalSection(NestedProjects) = preSolution
		{04FBC930-AC83-447C-8133-B371EB63EE73} = {756C3C1A-72CD-4CCE-BD8D-977F2980D1B6}
		{3FD64445-84EB-4C23-84E2-72FFBACE1337} = {C33ED8EA-76EF-4985-9055-12D9B668E210}
		{5DA49E07-DCB9-4991-81BC-1AA907FDC8D2} = {756C3C1A-72CD-4CCE-BD8D-977F2980D1B6}
		{9BA0877A-B8E7-4333-AAAA-49D44CE1DB72} = {C33ED8EA-76EF-4985-9055-12D9B668E210}
		{3BFA6B8B-877D-46E5-821D-CA9F17925947} = {756C3C1A-72CD-4CCE-BD8D-977F2980D1B6}
		{EF628F9B-B04A-4BC8-9F9B-DD202A87FE14} = {C33ED8EA-76EF-4985-9055-12D9B668E210}
		{D6A6C249-8EEB-489C-BBE1-9B4AFE6D7A28} = {756C3C1A-72CD-4CCE-BD8D-977F2980D1B6}
		{A5BBB500-C21E-4DC2-AC18-85B701E3237B} = {756C3C1A-72CD-4CCE-BD8D-977F2980D1B6}
		{AF6B7E9A-77D1-4C2E-8A66-BA2A5A291F52} = {F231FFD4-12A2-49F4-9B02-85AEC3AEFFA9}
		{4A4762B8-28B2-49F3-9EB8-E46C053C2435} = {F231FFD4-12A2-49F4-9B02-85AEC3AEFFA9}
		{D328F50C-422D-45D3-8910-75CD259BC888} = {756C3C1A-72CD-4CCE-BD8D-977F2980D1B6}
		{2B8CE2A8-7FFA-4D7D-908A-A29409D2EF19} = {C33ED8EA-76EF-4985-9055-12D9B668E210}
		{B4B1C3B4-0114-400A-90FF-3CCB71179053} = {C33ED8EA-76EF-4985-9055-12D9B668E210}
		{BD48218D-70C3-456F-A96E-C9862FC95311} = {756C3C1A-72CD-4CCE-BD8D-977F2980D1B6}
		{4EC029DA-77F0-4D4D-893B-F4E1BD7B440D} = {C33ED8EA-76EF-4985-9055-12D9B668E210}
		{4DFA2F5C-12DA-41F8-853F-3B6CF322C854} = {C33ED8EA-76EF-4985-9055-12D9B668E210}
		{7232A6A4-E747-4D5B-A247-DD22D85CAF00} = {756C3C1A-72CD-4CCE-BD8D-977F2980D1B6}
		{6B455034-D9C7-4A74-BF3A-CCD4B054425A} = {C33ED8EA-76EF-4985-9055-12D9B668E210}
		{A5A2C6D2-7069-4EF7-9391-0FA04924031A} = {C33ED8EA-76EF-4985-9055-12D9B668E210}
		{AB7AE28D-9F0D-4528-B8FD-FCC4263F2227} = {C33ED8EA-76EF-4985-9055-12D9B668E210}
		{F034D634-3141-4E98-97F1-BB9DF22C4917} = {756C3C1A-72CD-4CCE-BD8D-977F2980D1B6}
		{67CC3E42-1F98-439F-A83F-7F9B5B54CF86} = {C33ED8EA-76EF-4985-9055-12D9B668E210}
		{4CFA733F-0697-47FF-831D-908530C40929} = {756C3C1A-72CD-4CCE-BD8D-977F2980D1B6}
		{9F7DB6F3-1AD9-4B31-9D02-1AD49224A4A6} = {C33ED8EA-76EF-4985-9055-12D9B668E210}
		{1F0291CD-0C3D-414F-B7D4-8062A8D62F41} = {756C3C1A-72CD-4CCE-BD8D-977F2980D1B6}
		{8E3B899D-50FA-4166-BD78-582E8E2BB16B} = {756C3C1A-72CD-4CCE-BD8D-977F2980D1B6}
	EndGlobalSection
EndGlobal
