
Microsoft Visual Studio Solution File, Format Version 12.00
Project("{FAE04EC0-301F-11D3-BF4B-00C04F79EFBC}") = "IOKode.OpinionatedFramework.Foundation", "IOKode.OpinionatedFramework.Foundation\IOKode.OpinionatedFramework.Foundation.csproj", "{797F57C1-AB6B-4D77-ABD0-D71D0883081B}"
EndProject
Project("{FAE04EC0-301F-11D3-BF4B-00C04F79EFBC}") = "IOKode.OpinionatedFramework.ConfigureApplication", "IOKode.OpinionatedFramework.ConfigureApplication\IOKode.OpinionatedFramework.ConfigureApplication.csproj", "{15480C47-4873-4AE6-B307-E8C192F1BDB0}"
EndProject
Project("{FAE04EC0-301F-11D3-BF4B-00C04F79EFBC}") = "IOKode.OpinionatedFramework.Ensuring", "IOKode.OpinionatedFramework.Ensuring\IOKode.OpinionatedFramework.Ensuring.csproj", "{187D67C1-7C4D-44E9-ACD8-147DDB71EE16}"
EndProject
Project("{FAE04EC0-301F-11D3-BF4B-00C04F79EFBC}") = "IOKode.OpinionatedFramework.Foundation.Tests", "IOKode.OpinionatedFramework.Foundation.Tests\IOKode.OpinionatedFramework.Foundation.Tests.csproj", "{04FBC930-AC83-447C-8133-B371EB63EE73}"
EndProject
Project("{2150E333-8FDC-42A3-9474-1A3956D46DE8}") = "ContractsImplementations", "ContractsImplementations", "{C33ED8EA-76EF-4985-9055-12D9B668E210}"
EndProject
Project("{FAE04EC0-301F-11D3-BF4B-00C04F79EFBC}") = "IOKode.OpinionatedFramework.ContractImplementations.MailKit", "IOKode.OpinionatedFramework.ContractImplementations.MailKit\IOKode.OpinionatedFramework.ContractImplementations.MailKit.csproj", "{3FD64445-84EB-4C23-84E2-72FFBACE1337}"
EndProject
Project("{FAE04EC0-301F-11D3-BF4B-00C04F79EFBC}") = "IOKode.OpinionatedFramework.ContractImplementations.MailKit.Tests", "IOKode.OpinionatedFramework.ContractImplementations.MailKit.Tests\IOKode.OpinionatedFramework.ContractImplementations.MailKit.Tests.csproj", "{5DA49E07-DCB9-4991-81BC-1AA907FDC8D2}"
EndProject
Project("{FAE04EC0-301F-11D3-BF4B-00C04F79EFBC}") = "IOKode.OpinionatedFramework.ContractImplementations.CommandExecutor", "IOKode.OpinionatedFramework.ContractImplementations.CommandExecutor\IOKode.OpinionatedFramework.ContractImplementations.CommandExecutor.csproj", "{9BA0877A-B8E7-4333-AAAA-49D44CE1DB72}"
EndProject
Project("{2150E333-8FDC-42A3-9474-1A3956D46DE8}") = "Tests", "Tests", "{756C3C1A-72CD-4CCE-BD8D-977F2980D1B6}"
EndProject
Project("{FAE04EC0-301F-11D3-BF4B-00C04F79EFBC}") = "IOKode.OpinionatedFramework.ContractImplementations.CommandExecutor.Tests", "IOKode.OpinionatedFramework.ContractImplementations.CommandExecutor.Tests\IOKode.OpinionatedFramework.ContractImplementations.CommandExecutor.Tests.csproj", "{3BFA6B8B-877D-46E5-821D-CA9F17925947}"
EndProject
Project("{FAE04EC0-301F-11D3-BF4B-00C04F79EFBC}") = "IOKode.OpinionatedFramework.ContractImplementations.Aes256GcmModeEncrypter", "IOKode.OpinionatedFramework.ContractImplementations.Aes256GcmModeEncrypter\IOKode.OpinionatedFramework.ContractImplementations.Aes256GcmModeEncrypter.csproj", "{EF628F9B-B04A-4BC8-9F9B-DD202A87FE14}"
EndProject
Project("{FAE04EC0-301F-11D3-BF4B-00C04F79EFBC}") = "IOKode.OpinionatedFramework.ContractImplementations.Aes256GcmModeEncrypter.Tests", "IOKode.OpinionatedFramework.ContractImplementations.Aes256GcmModeEncrypter.Tests\IOKode.OpinionatedFramework.ContractImplementations.Aes256GcmModeEncrypter.Tests.csproj", "{D6A6C249-8EEB-489C-BBE1-9B4AFE6D7A28}"
EndProject
Project("{FAE04EC0-301F-11D3-BF4B-00C04F79EFBC}") = "IOKode.OpinionatedFramework.Ensuring.Tests", "IOKode.OpinionatedFramework.Ensuring.Tests\IOKode.OpinionatedFramework.Ensuring.Tests.csproj", "{A5BBB500-C21E-4DC2-AC18-85B701E3237B}"
EndProject
Project("{2150E333-8FDC-42A3-9474-1A3956D46DE8}") = "Generators", "Generators", "{F231FFD4-12A2-49F4-9B02-85AEC3AEFFA9}"
EndProject
Project("{FAE04EC0-301F-11D3-BF4B-00C04F79EFBC}") = "IOKode.OpinionatedFramework.Generators.Ensuring", "IOKode.OpinionatedFramework.Generators.Ensuring\IOKode.OpinionatedFramework.Generators.Ensuring.csproj", "{AF6B7E9A-77D1-4C2E-8A66-BA2A5A291F52}"
EndProject
Project("{FAE04EC0-301F-11D3-BF4B-00C04F79EFBC}") = "IOKode.OpinionatedFramework.Generators.Facades", "IOKode.OpinionatedFramework.Generators.Facades\IOKode.OpinionatedFramework.Generators.Facades.csproj", "{4A4762B8-28B2-49F3-9EB8-E46C053C2435}"
EndProject
Global
	GlobalSection(SolutionConfigurationPlatforms) = preSolution
		Debug|Any CPU = Debug|Any CPU
		Release|Any CPU = Release|Any CPU
	EndGlobalSection
	GlobalSection(ProjectConfigurationPlatforms) = postSolution
		{797F57C1-AB6B-4D77-ABD0-D71D0883081B}.Debug|Any CPU.ActiveCfg = Debug|Any CPU
		{797F57C1-AB6B-4D77-ABD0-D71D0883081B}.Debug|Any CPU.Build.0 = Debug|Any CPU
		{797F57C1-AB6B-4D77-ABD0-D71D0883081B}.Release|Any CPU.ActiveCfg = Release|Any CPU
		{797F57C1-AB6B-4D77-ABD0-D71D0883081B}.Release|Any CPU.Build.0 = Release|Any CPU
		{15480C47-4873-4AE6-B307-E8C192F1BDB0}.Debug|Any CPU.ActiveCfg = Debug|Any CPU
		{15480C47-4873-4AE6-B307-E8C192F1BDB0}.Debug|Any CPU.Build.0 = Debug|Any CPU
		{15480C47-4873-4AE6-B307-E8C192F1BDB0}.Release|Any CPU.ActiveCfg = Release|Any CPU
		{15480C47-4873-4AE6-B307-E8C192F1BDB0}.Release|Any CPU.Build.0 = Release|Any CPU
		{187D67C1-7C4D-44E9-ACD8-147DDB71EE16}.Debug|Any CPU.ActiveCfg = Debug|Any CPU
		{187D67C1-7C4D-44E9-ACD8-147DDB71EE16}.Debug|Any CPU.Build.0 = Debug|Any CPU
		{187D67C1-7C4D-44E9-ACD8-147DDB71EE16}.Release|Any CPU.ActiveCfg = Release|Any CPU
		{187D67C1-7C4D-44E9-ACD8-147DDB71EE16}.Release|Any CPU.Build.0 = Release|Any CPU
		{04FBC930-AC83-447C-8133-B371EB63EE73}.Debug|Any CPU.ActiveCfg = Debug|Any CPU
		{04FBC930-AC83-447C-8133-B371EB63EE73}.Debug|Any CPU.Build.0 = Debug|Any CPU
		{04FBC930-AC83-447C-8133-B371EB63EE73}.Release|Any CPU.ActiveCfg = Release|Any CPU
		{04FBC930-AC83-447C-8133-B371EB63EE73}.Release|Any CPU.Build.0 = Release|Any CPU
		{3FD64445-84EB-4C23-84E2-72FFBACE1337}.Debug|Any CPU.ActiveCfg = Debug|Any CPU
		{3FD64445-84EB-4C23-84E2-72FFBACE1337}.Debug|Any CPU.Build.0 = Debug|Any CPU
		{3FD64445-84EB-4C23-84E2-72FFBACE1337}.Release|Any CPU.ActiveCfg = Release|Any CPU
		{3FD64445-84EB-4C23-84E2-72FFBACE1337}.Release|Any CPU.Build.0 = Release|Any CPU
		{5DA49E07-DCB9-4991-81BC-1AA907FDC8D2}.Debug|Any CPU.ActiveCfg = Debug|Any CPU
		{5DA49E07-DCB9-4991-81BC-1AA907FDC8D2}.Debug|Any CPU.Build.0 = Debug|Any CPU
		{5DA49E07-DCB9-4991-81BC-1AA907FDC8D2}.Release|Any CPU.ActiveCfg = Release|Any CPU
		{5DA49E07-DCB9-4991-81BC-1AA907FDC8D2}.Release|Any CPU.Build.0 = Release|Any CPU
		{9BA0877A-B8E7-4333-AAAA-49D44CE1DB72}.Debug|Any CPU.ActiveCfg = Debug|Any CPU
		{9BA0877A-B8E7-4333-AAAA-49D44CE1DB72}.Debug|Any CPU.Build.0 = Debug|Any CPU
		{9BA0877A-B8E7-4333-AAAA-49D44CE1DB72}.Release|Any CPU.ActiveCfg = Release|Any CPU
		{9BA0877A-B8E7-4333-AAAA-49D44CE1DB72}.Release|Any CPU.Build.0 = Release|Any CPU
		{3BFA6B8B-877D-46E5-821D-CA9F17925947}.Debug|Any CPU.ActiveCfg = Debug|Any CPU
		{3BFA6B8B-877D-46E5-821D-CA9F17925947}.Debug|Any CPU.Build.0 = Debug|Any CPU
		{3BFA6B8B-877D-46E5-821D-CA9F17925947}.Release|Any CPU.ActiveCfg = Release|Any CPU
		{3BFA6B8B-877D-46E5-821D-CA9F17925947}.Release|Any CPU.Build.0 = Release|Any CPU
		{EF628F9B-B04A-4BC8-9F9B-DD202A87FE14}.Debug|Any CPU.ActiveCfg = Debug|Any CPU
		{EF628F9B-B04A-4BC8-9F9B-DD202A87FE14}.Debug|Any CPU.Build.0 = Debug|Any CPU
		{EF628F9B-B04A-4BC8-9F9B-DD202A87FE14}.Release|Any CPU.ActiveCfg = Release|Any CPU
		{EF628F9B-B04A-4BC8-9F9B-DD202A87FE14}.Release|Any CPU.Build.0 = Release|Any CPU
		{D6A6C249-8EEB-489C-BBE1-9B4AFE6D7A28}.Debug|Any CPU.ActiveCfg = Debug|Any CPU
		{D6A6C249-8EEB-489C-BBE1-9B4AFE6D7A28}.Debug|Any CPU.Build.0 = Debug|Any CPU
		{D6A6C249-8EEB-489C-BBE1-9B4AFE6D7A28}.Release|Any CPU.ActiveCfg = Release|Any CPU
		{D6A6C249-8EEB-489C-BBE1-9B4AFE6D7A28}.Release|Any CPU.Build.0 = Release|Any CPU
		{A5BBB500-C21E-4DC2-AC18-85B701E3237B}.Debug|Any CPU.ActiveCfg = Debug|Any CPU
		{A5BBB500-C21E-4DC2-AC18-85B701E3237B}.Debug|Any CPU.Build.0 = Debug|Any CPU
		{A5BBB500-C21E-4DC2-AC18-85B701E3237B}.Release|Any CPU.ActiveCfg = Release|Any CPU
		{A5BBB500-C21E-4DC2-AC18-85B701E3237B}.Release|Any CPU.Build.0 = Release|Any CPU
		{AF6B7E9A-77D1-4C2E-8A66-BA2A5A291F52}.Debug|Any CPU.ActiveCfg = Debug|Any CPU
		{AF6B7E9A-77D1-4C2E-8A66-BA2A5A291F52}.Debug|Any CPU.Build.0 = Debug|Any CPU
		{AF6B7E9A-77D1-4C2E-8A66-BA2A5A291F52}.Release|Any CPU.ActiveCfg = Release|Any CPU
		{AF6B7E9A-77D1-4C2E-8A66-BA2A5A291F52}.Release|Any CPU.Build.0 = Release|Any CPU
		{4A4762B8-28B2-49F3-9EB8-E46C053C2435}.Debug|Any CPU.ActiveCfg = Debug|Any CPU
		{4A4762B8-28B2-49F3-9EB8-E46C053C2435}.Debug|Any CPU.Build.0 = Debug|Any CPU
		{4A4762B8-28B2-49F3-9EB8-E46C053C2435}.Release|Any CPU.ActiveCfg = Release|Any CPU
		{4A4762B8-28B2-49F3-9EB8-E46C053C2435}.Release|Any CPU.Build.0 = Release|Any CPU
	EndGlobalSection
	GlobalSection(NestedProjects) = preSolution
		{3FD64445-84EB-4C23-84E2-72FFBACE1337} = {C33ED8EA-76EF-4985-9055-12D9B668E210}
		{9BA0877A-B8E7-4333-AAAA-49D44CE1DB72} = {C33ED8EA-76EF-4985-9055-12D9B668E210}
		{5DA49E07-DCB9-4991-81BC-1AA907FDC8D2} = {756C3C1A-72CD-4CCE-BD8D-977F2980D1B6}
		{04FBC930-AC83-447C-8133-B371EB63EE73} = {756C3C1A-72CD-4CCE-BD8D-977F2980D1B6}
		{3BFA6B8B-877D-46E5-821D-CA9F17925947} = {756C3C1A-72CD-4CCE-BD8D-977F2980D1B6}
		{EF628F9B-B04A-4BC8-9F9B-DD202A87FE14} = {C33ED8EA-76EF-4985-9055-12D9B668E210}
		{D6A6C249-8EEB-489C-BBE1-9B4AFE6D7A28} = {756C3C1A-72CD-4CCE-BD8D-977F2980D1B6}
		{A5BBB500-C21E-4DC2-AC18-85B701E3237B} = {756C3C1A-72CD-4CCE-BD8D-977F2980D1B6}
		{AF6B7E9A-77D1-4C2E-8A66-BA2A5A291F52} = {F231FFD4-12A2-49F4-9B02-85AEC3AEFFA9}
		{4A4762B8-28B2-49F3-9EB8-E46C053C2435} = {F231FFD4-12A2-49F4-9B02-85AEC3AEFFA9}
	EndGlobalSection
EndGlobal
